// !$*UTF8*$!
{
	archiveVersion = 1;
	classes = {
	};
	objectVersion = 46;
	objects = {

/* Begin PBXBuildFile section */
		1F5DD3041D748882007A595D /* AppDelegate.swift in Sources */ = {isa = PBXBuildFile; fileRef = 1F5DD3031D748882007A595D /* AppDelegate.swift */; };
		1F5DD3091D748882007A595D /* Main.storyboard in Resources */ = {isa = PBXBuildFile; fileRef = 1F5DD3071D748882007A595D /* Main.storyboard */; };
		1F5DD30B1D748882007A595D /* Assets.xcassets in Resources */ = {isa = PBXBuildFile; fileRef = 1F5DD30A1D748882007A595D /* Assets.xcassets */; };
		1F5DD30E1D748882007A595D /* LaunchScreen.storyboard in Resources */ = {isa = PBXBuildFile; fileRef = 1F5DD30C1D748882007A595D /* LaunchScreen.storyboard */; };
		1F5DD3161D748B2B007A595D /* RedditSearchViewController.swift in Sources */ = {isa = PBXBuildFile; fileRef = 1F5DD3151D748B2B007A595D /* RedditSearchViewController.swift */; };
		1F5DD3191D748E73007A595D /* NetworkController.swift in Sources */ = {isa = PBXBuildFile; fileRef = 1F5DD3181D748E73007A595D /* NetworkController.swift */; };
		1F5DD31B1D748F56007A595D /* RedditModelController.swift in Sources */ = {isa = PBXBuildFile; fileRef = 1F5DD31A1D748F56007A595D /* RedditModelController.swift */; };
/* End PBXBuildFile section */

/* Begin PBXFileReference section */
		1F5DD3001D748882007A595D /* SubReddits.app */ = {isa = PBXFileReference; explicitFileType = wrapper.application; includeInIndex = 0; path = SubReddits.app; sourceTree = BUILT_PRODUCTS_DIR; };
		1F5DD3031D748882007A595D /* AppDelegate.swift */ = {isa = PBXFileReference; lastKnownFileType = sourcecode.swift; path = AppDelegate.swift; sourceTree = "<group>"; };
		1F5DD3081D748882007A595D /* Base */ = {isa = PBXFileReference; lastKnownFileType = file.storyboard; name = Base; path = Base.lproj/Main.storyboard; sourceTree = "<group>"; };
		1F5DD30A1D748882007A595D /* Assets.xcassets */ = {isa = PBXFileReference; lastKnownFileType = folder.assetcatalog; path = Assets.xcassets; sourceTree = "<group>"; };
		1F5DD30D1D748882007A595D /* Base */ = {isa = PBXFileReference; lastKnownFileType = file.storyboard; name = Base; path = Base.lproj/LaunchScreen.storyboard; sourceTree = "<group>"; };
		1F5DD30F1D748882007A595D /* Info.plist */ = {isa = PBXFileReference; lastKnownFileType = text.plist.xml; path = Info.plist; sourceTree = "<group>"; };
		1F5DD3151D748B2B007A595D /* RedditSearchViewController.swift */ = {isa = PBXFileReference; fileEncoding = 4; lastKnownFileType = sourcecode.swift; path = RedditSearchViewController.swift; sourceTree = "<group>"; };
		1F5DD3181D748E73007A595D /* NetworkController.swift */ = {isa = PBXFileReference; fileEncoding = 4; lastKnownFileType = sourcecode.swift; path = NetworkController.swift; sourceTree = "<group>"; };
		1F5DD31A1D748F56007A595D /* RedditModelController.swift */ = {isa = PBXFileReference; fileEncoding = 4; lastKnownFileType = sourcecode.swift; path = RedditModelController.swift; sourceTree = "<group>"; };
/* End PBXFileReference section */

/* Begin PBXFrameworksBuildPhase section */
		1F5DD2FD1D748882007A595D /* Frameworks */ = {
			isa = PBXFrameworksBuildPhase;
			buildActionMask = 2147483647;
			files = (
			);
			runOnlyForDeploymentPostprocessing = 0;
		};
/* End PBXFrameworksBuildPhase section */

/* Begin PBXGroup section */
		1F5DD2F71D748882007A595D = {
			isa = PBXGroup;
			children = (
				1F5DD3021D748882007A595D /* SubReddits */,
				1F5DD3011D748882007A595D /* Products */,
			);
			sourceTree = "<group>";
		};
		1F5DD3011D748882007A595D /* Products */ = {
			isa = PBXGroup;
			children = (
				1F5DD3001D748882007A595D /* SubReddits.app */,
			);
			name = Products;
			sourceTree = "<group>";
		};
		1F5DD3021D748882007A595D /* SubReddits */ = {
			isa = PBXGroup;
			children = (
				1F5DD3031D748882007A595D /* AppDelegate.swift */,
				1F5DD3181D748E73007A595D /* NetworkController.swift */,
				1F5DD31C1D748FE3007A595D /* ModelController */,
				1F5DD3171D748B37007A595D /* ViewController */,
				1F5DD30A1D748882007A595D /* Assets.xcassets */,
				1F5DD30F1D748882007A595D /* Info.plist */,
				1F5DD30C1D748882007A595D /* LaunchScreen.storyboard */,
				1F5DD3071D748882007A595D /* Main.storyboard */,
			);
			path = SubReddits;
			sourceTree = "<group>";
		};
		1F5DD3171D748B37007A595D /* ViewController */ = {
			isa = PBXGroup;
			children = (
				1F5DD3151D748B2B007A595D /* RedditSearchViewController.swift */,
			);
			name = ViewController;
			sourceTree = "<group>";
		};
		1F5DD31C1D748FE3007A595D /* ModelController */ = {
			isa = PBXGroup;
			children = (
				1F5DD31A1D748F56007A595D /* RedditModelController.swift */,
			);
			name = ModelController;
			sourceTree = "<group>";
		};
/* End PBXGroup section */

/* Begin PBXNativeTarget section */
		1F5DD2FF1D748882007A595D /* SubReddits */ = {
			isa = PBXNativeTarget;
			buildConfigurationList = 1F5DD3121D748882007A595D /* Build configuration list for PBXNativeTarget "SubReddits" */;
			buildPhases = (
				1F5DD2FC1D748882007A595D /* Sources */,
				1F5DD2FD1D748882007A595D /* Frameworks */,
				1F5DD2FE1D748882007A595D /* Resources */,
			);
			buildRules = (
			);
			dependencies = (
			);
			name = SubReddits;
			productName = SubReddits;
			productReference = 1F5DD3001D748882007A595D /* SubReddits.app */;
			productType = "com.apple.product-type.application";
		};
/* End PBXNativeTarget section */

/* Begin PBXProject section */
		1F5DD2F81D748882007A595D /* Project object */ = {
			isa = PBXProject;
			attributes = {
				LastSwiftUpdateCheck = 0730;
				LastUpgradeCheck = 0730;
				ORGANIZATIONNAME = JCN;
				TargetAttributes = {
					1F5DD2FF1D748882007A595D = {
						CreatedOnToolsVersion = 7.3.1;
					};
				};
			};
			buildConfigurationList = 1F5DD2FB1D748882007A595D /* Build configuration list for PBXProject "SubReddits" */;
			compatibilityVersion = "Xcode 3.2";
			developmentRegion = English;
			hasScannedForEncodings = 0;
			knownRegions = (
				en,
				Base,
			);
			mainGroup = 1F5DD2F71D748882007A595D;
			productRefGroup = 1F5DD3011D748882007A595D /* Products */;
			projectDirPath = "";
			projectRoot = "";
			targets = (
				1F5DD2FF1D748882007A595D /* SubReddits */,
			);
		};
/* End PBXProject section */

/* Begin PBXResourcesBuildPhase section */
		1F5DD2FE1D748882007A595D /* Resources */ = {
			isa = PBXResourcesBuildPhase;
			buildActionMask = 2147483647;
			files = (
				1F5DD30E1D748882007A595D /* LaunchScreen.storyboard in Resources */,
				1F5DD30B1D748882007A595D /* Assets.xcassets in Resources */,
				1F5DD3091D748882007A595D /* Main.storyboard in Resources */,
			);
			runOnlyForDeploymentPostprocessing = 0;
		};
/* End PBXResourcesBuildPhase section */

/* Begin PBXSourcesBuildPhase section */
		1F5DD2FC1D748882007A595D /* Sources */ = {
			isa = PBXSourcesBuildPhase;
			buildActionMask = 2147483647;
			files = (
				1F5DD3161D748B2B007A595D /* RedditSearchViewController.swift in Sources */,
				1F5DD3041D748882007A595D /* AppDelegate.swift in Sources */,
				1F5DD3191D748E73007A595D /* NetworkController.swift in Sources */,
				1F5DD31B1D748F56007A595D /* RedditModelController.swift in Sources */,
			);
			runOnlyForDeploymentPostprocessing = 0;
		};
/* End PBXSourcesBuildPhase section */

/* Begin PBXVariantGroup section */
		1F5DD3071D748882007A595D /* Main.storyboard */ = {
			isa = PBXVariantGroup;
			children = (
				1F5DD3081D748882007A595D /* Base */,
			);
			name = Main.storyboard;
			sourceTree = "<group>";
		};
		1F5DD30C1D748882007A595D /* LaunchScreen.storyboard */ = {
			isa = PBXVariantGroup;
			children = (
				1F5DD30D1D748882007A595D /* Base */,
			);
			name = LaunchScreen.storyboard;
			sourceTree = "<group>";
		};
/* End PBXVariantGroup section */

/* Begin XCBuildConfiguration section */
		1F5DD3101D748882007A595D /* Debug */ = {
			isa = XCBuildConfiguration;
			buildSettings = {
				ALWAYS_SEARCH_USER_PATHS = NO;
				CLANG_ANALYZER_NONNULL = YES;
				CLANG_CXX_LANGUAGE_STANDARD = "gnu++0x";
				CLANG_CXX_LIBRARY = "libc++";
				CLANG_ENABLE_MODULES = YES;
				CLANG_ENABLE_OBJC_ARC = YES;
				CLANG_WARN_BOOL_CONVERSION = YES;
				CLANG_WARN_CONSTANT_CONVERSION = YES;
				CLANG_WARN_DIRECT_OBJC_ISA_USAGE = YES_ERROR;
				CLANG_WARN_EMPTY_BODY = YES;
				CLANG_WARN_ENUM_CONVERSION = YES;
				CLANG_WARN_INT_CONVERSION = YES;
				CLANG_WARN_OBJC_ROOT_CLASS = YES_ERROR;
				CLANG_WARN_UNREACHABLE_CODE = YES;
				CLANG_WARN__DUPLICATE_METHOD_MATCH = YES;
				"CODE_SIGN_IDENTITY[sdk=iphoneos*]" = "iPhone Developer";
				COPY_PHASE_STRIP = NO;
				DEBUG_INFORMATION_FORMAT = dwarf;
				ENABLE_STRICT_OBJC_MSGSEND = YES;
				ENABLE_TESTABILITY = YES;
				GCC_C_LANGUAGE_STANDARD = gnu99;
				GCC_DYNAMIC_NO_PIC = NO;
				GCC_NO_COMMON_BLOCKS = YES;
				GCC_OPTIMIZATION_LEVEL = 0;
				GCC_PREPROCESSOR_DEFINITIONS = (
					"DEBUG=1",
					"$(inherited)",
				);
				GCC_WARN_64_TO_32_BIT_CONVERSION = YES;
				GCC_WARN_ABOUT_RETURN_TYPE = YES_ERROR;
				GCC_WARN_UNDECLARED_SELECTOR = YES;
				GCC_WARN_UNINITIALIZED_AUTOS = YES_AGGRESSIVE;
				GCC_WARN_UNUSED_FUNCTION = YES;
				GCC_WARN_UNUSED_VARIABLE = YES;
				IPHONEOS_DEPLOYMENT_TARGET = 9.3;
				MTL_ENABLE_DEBUG_INFO = YES;
				ONLY_ACTIVE_ARCH = YES;
				SDKROOT = iphoneos;
				SWIFT_OPTIMIZATION_LEVEL = "-Onone";
				TARGETED_DEVICE_FAMILY = "1,2";
			};
			name = Debug;
		};
		1F5DD3111D748882007A595D /* Release */ = {
			isa = XCBuildConfiguration;
			buildSettings = {
				ALWAYS_SEARCH_USER_PATHS = NO;
				CLANG_ANALYZER_NONNULL = YES;
				CLANG_CXX_LANGUAGE_STANDARD = "gnu++0x";
				CLANG_CXX_LIBRARY = "libc++";
				CLANG_ENABLE_MODULES = YES;
				CLANG_ENABLE_OBJC_ARC = YES;
				CLANG_WARN_BOOL_CONVERSION = YES;
				CLANG_WARN_CONSTANT_CONVERSION = YES;
				CLANG_WARN_DIRECT_OBJC_ISA_USAGE = YES_ERROR;
				CLANG_WARN_EMPTY_BODY = YES;
				CLANG_WARN_ENUM_CONVERSION = YES;
				CLANG_WARN_INT_CONVERSION = YES;
				CLANG_WARN_OBJC_ROOT_CLASS = YES_ERROR;
				CLANG_WARN_UNREACHABLE_CODE = YES;
				CLANG_WARN__DUPLICATE_METHOD_MATCH = YES;
				"CODE_SIGN_IDENTITY[sdk=iphoneos*]" = "iPhone Developer";
				COPY_PHASE_STRIP = NO;
				DEBUG_INFORMATION_FORMAT = "dwarf-with-dsym";
				ENABLE_NS_ASSERTIONS = NO;
				ENABLE_STRICT_OBJC_MSGSEND = YES;
				GCC_C_LANGUAGE_STANDARD = gnu99;
				GCC_NO_COMMON_BLOCKS = YES;
				GCC_WARN_64_TO_32_BIT_CONVERSION = YES;
				GCC_WARN_ABOUT_RETURN_TYPE = YES_ERROR;
				GCC_WARN_UNDECLARED_SELECTOR = YES;
				GCC_WARN_UNINITIALIZED_AUTOS = YES_AGGRESSIVE;
				GCC_WARN_UNUSED_FUNCTION = YES;
				GCC_WARN_UNUSED_VARIABLE = YES;
				IPHONEOS_DEPLOYMENT_TARGET = 9.3;
				MTL_ENABLE_DEBUG_INFO = NO;
				SDKROOT = iphoneos;
				TARGETED_DEVICE_FAMILY = "1,2";
				VALIDATE_PRODUCT = YES;
			};
			name = Release;
		};
		1F5DD3131D748882007A595D /* Debug */ = {
			isa = XCBuildConfiguration;
			buildSettings = {
				ASSETCATALOG_COMPILER_APPICON_NAME = AppIcon;
				INFOPLIST_FILE = SubReddits/Info.plist;
				LD_RUNPATH_SEARCH_PATHS = "$(inherited) @executable_path/Frameworks";
				PRODUCT_BUNDLE_IDENTIFIER = com.jcn.SubReddits;
				PRODUCT_NAME = "$(TARGET_NAME)";
			};
			name = Debug;
		};
		1F5DD3141D748882007A595D /* Release */ = {
			isa = XCBuildConfiguration;
			buildSettings = {
				ASSETCATALOG_COMPILER_APPICON_NAME = AppIcon;
				INFOPLIST_FILE = SubReddits/Info.plist;
				LD_RUNPATH_SEARCH_PATHS = "$(inherited) @executable_path/Frameworks";
				PRODUCT_BUNDLE_IDENTIFIER = com.jcn.SubReddits;
				PRODUCT_NAME = "$(TARGET_NAME)";
			};
			name = Release;
		};
/* End XCBuildConfiguration section */

/* Begin XCConfigurationList section */
		1F5DD2FB1D748882007A595D /* Build configuration list for PBXProject "SubReddits" */ = {
			isa = XCConfigurationList;
			buildConfigurations = (
				1F5DD3101D748882007A595D /* Debug */,
				1F5DD3111D748882007A595D /* Release */,
			);
			defaultConfigurationIsVisible = 0;
			defaultConfigurationName = Release;
		};
		1F5DD3121D748882007A595D /* Build configuration list for PBXNativeTarget "SubReddits" */ = {
			isa = XCConfigurationList;
			buildConfigurations = (
				1F5DD3131D748882007A595D /* Debug */,
				1F5DD3141D748882007A595D /* Release */,
			);
			defaultConfigurationIsVisible = 0;
			defaultConfigurationName = Release;
		};
/* End XCConfigurationList section */
	};
	rootObject = 1F5DD2F81D748882007A595D /* Project object */;
}
